
Microsoft Visual Studio Solution File, Format Version 12.00
# Visual Studio Version 16
VisualStudioVersion = 16.0.29709.97
MinimumVisualStudioVersion = 10.0.40219.1
Project("{8BC9CEB8-8B4A-11D0-8D11-00A0C91BC942}") = "DaemonRenderer", "DaemonRenderer\DaemonRenderer.vcxproj", "{91B56EA1-6D82-4200-A859-EF487BB0B39A}"
	ProjectSection(ProjectDependencies) = postProject
		{407B4D74-CC7D-4637-8F69-F037E7178CCB} = {407B4D74-CC7D-4637-8F69-F037E7178CCB}
	EndProjectSection
EndProject
Project("{8BC9CEB8-8B4A-11D0-8D11-00A0C91BC942}") = "PotatoMaths", "PotatoMaths\PotatoMaths\PotatoMaths\PotatoMaths.vcxproj", "{407B4D74-CC7D-4637-8F69-F037E7178CCB}"
EndProject
Global
	GlobalSection(SolutionConfigurationPlatforms) = preSolution
		Debug|x64 = Debug|x64
		Debug|x86 = Debug|x86
		Release|x64 = Release|x64
		Release|x86 = Release|x86
		Shipping|x64 = Shipping|x64
		Shipping|x86 = Shipping|x86
	EndGlobalSection
	GlobalSection(ProjectConfigurationPlatforms) = postSolution
		{91B56EA1-6D82-4200-A859-EF487BB0B39A}.Debug|x64.ActiveCfg = Debug|x64
		{91B56EA1-6D82-4200-A859-EF487BB0B39A}.Debug|x64.Build.0 = Debug|x64
		{91B56EA1-6D82-4200-A859-EF487BB0B39A}.Debug|x86.ActiveCfg = Debug|x64
		{91B56EA1-6D82-4200-A859-EF487BB0B39A}.Debug|x86.Build.0 = Debug|x64
		{91B56EA1-6D82-4200-A859-EF487BB0B39A}.Release|x64.ActiveCfg = Debug|x64
		{91B56EA1-6D82-4200-A859-EF487BB0B39A}.Release|x64.Build.0 = Debug|x64
		{91B56EA1-6D82-4200-A859-EF487BB0B39A}.Release|x86.ActiveCfg = Debug|x64
		{91B56EA1-6D82-4200-A859-EF487BB0B39A}.Release|x86.Build.0 = Debug|x64
		{91B56EA1-6D82-4200-A859-EF487BB0B39A}.Shipping|x64.ActiveCfg = Debug|x64
		{91B56EA1-6D82-4200-A859-EF487BB0B39A}.Shipping|x64.Build.0 = Debug|x64
		{91B56EA1-6D82-4200-A859-EF487BB0B39A}.Shipping|x86.ActiveCfg = Debug|x64
		{91B56EA1-6D82-4200-A859-EF487BB0B39A}.Shipping|x86.Build.0 = Debug|x64
		{407B4D74-CC7D-4637-8F69-F037E7178CCB}.Debug|x64.ActiveCfg = Debug|x64
		{407B4D74-CC7D-4637-8F69-F037E7178CCB}.Debug|x64.Build.0 = Debug|x64
		{407B4D74-CC7D-4637-8F69-F037E7178CCB}.Debug|x86.ActiveCfg = Debug|x64
		{407B4D74-CC7D-4637-8F69-F037E7178CCB}.Debug|x86.Build.0 = Debug|x64
		{407B4D74-CC7D-4637-8F69-F037E7178CCB}.Release|x64.ActiveCfg = Debug|x64
		{407B4D74-CC7D-4637-8F69-F037E7178CCB}.Release|x64.Build.0 = Debug|x64
		{407B4D74-CC7D-4637-8F69-F037E7178CCB}.Release|x86.ActiveCfg = Debug|x64
		{407B4D74-CC7D-4637-8F69-F037E7178CCB}.Release|x86.Build.0 = Debug|x64
		{407B4D74-CC7D-4637-8F69-F037E7178CCB}.Shipping|x64.ActiveCfg = Debug|x64
		{407B4D74-CC7D-4637-8F69-F037E7178CCB}.Shipping|x64.Build.0 = Debug|x64
		{407B4D74-CC7D-4637-8F69-F037E7178CCB}.Shipping|x86.ActiveCfg = Debug|x64
		{407B4D74-CC7D-4637-8F69-F037E7178CCB}.Shipping|x86.Build.0 = Debug|x64
	EndGlobalSection
	GlobalSection(SolutionProperties) = preSolution
		HideSolutionNode = FALSE
	EndGlobalSection
	GlobalSection(ExtensibilityGlobals) = postSolution
		SolutionGuid = {885F8271-DD61-4F64-B566-F7D4179F0457}
	EndGlobalSection
	GlobalSection(Performance) = preSolution
		HasPerformanceSessions = true
	EndGlobalSection
EndGlobal
